
Microsoft Visual Studio Solution File, Format Version 12.00
# Visual Studio Version 16
VisualStudioVersion = 16.0.29123.88
MinimumVisualStudioVersion = 10.0.40219.1
Project("{FAE04EC0-301F-11D3-BF4B-00C04F79EFBC}") = "ViciNet", "ViciNet.csproj", "{0611671A-C943-4702-9486-2B3F0DB0697B}"
EndProject
Global
	GlobalSection(SolutionConfigurationPlatforms) = preSolution
		Debug|Any CPU = Debug|Any CPU
		Release|Any CPU = Release|Any CPU
	EndGlobalSection
	GlobalSection(ProjectConfigurationPlatforms) = postSolution
		{0611671A-C943-4702-9486-2B3F0DB0697B}.Debug|Any CPU.ActiveCfg = Debug|Any CPU
		{0611671A-C943-4702-9486-2B3F0DB0697B}.Debug|Any CPU.Build.0 = Debug|Any CPU
		{0611671A-C943-4702-9486-2B3F0DB0697B}.Release|Any CPU.ActiveCfg = Release|Any CPU
		{0611671A-C943-4702-9486-2B3F0DB0697B}.Release|Any CPU.Build.0 = Release|Any CPU
	EndGlobalSection
	GlobalSection(SolutionProperties) = preSolution
		HideSolutionNode = FALSE
	EndGlobalSection
	GlobalSection(ExtensibilityGlobals) = postSolution
		SolutionGuid = {1C29A34C-71D7-4771-A824-B958BF3FDE3A}
	EndGlobalSection
EndGlobal
